
Microsoft Visual Studio Solution File, Format Version 12.00
# Visual Studio Version 17
VisualStudioVersion = 17.11.35327.3
MinimumVisualStudioVersion = 10.0.40219.1
Project("{FAE04EC0-301F-11D3-BF4B-00C04F79EFBC}") = "thaiproject", "thaiproject\thaiproject.csproj", "{9E4B8EE8-1CF5-4E4B-8100-734756683950}"
EndProject
Global
	GlobalSection(SolutionConfigurationPlatforms) = preSolution
		Debug|Any CPU = Debug|Any CPU
		Release|Any CPU = Release|Any CPU
	EndGlobalSection
	GlobalSection(ProjectConfigurationPlatforms) = postSolution
		{9E4B8EE8-1CF5-4E4B-8100-734756683950}.Debug|Any CPU.ActiveCfg = Debug|Any CPU
		{9E4B8EE8-1CF5-4E4B-8100-734756683950}.Debug|Any CPU.Build.0 = Debug|Any CPU
		{9E4B8EE8-1CF5-4E4B-8100-734756683950}.Release|Any CPU.ActiveCfg = Release|Any CPU
		{9E4B8EE8-1CF5-4E4B-8100-734756683950}.Release|Any CPU.Build.0 = Release|Any CPU
	EndGlobalSection
	GlobalSection(SolutionProperties) = preSolution
		HideSolutionNode = FALSE
	EndGlobalSection
	GlobalSection(ExtensibilityGlobals) = postSolution
		SolutionGuid = {CB5996C1-5960-4A77-812E-2421A7A13A52}
	EndGlobalSection
EndGlobal
